
Microsoft Visual Studio Solution File, Format Version 12.00
# Visual Studio Version 17
VisualStudioVersion = 17.5.002.0
MinimumVisualStudioVersion = 10.0.40219.1
Project("{2150E333-8FDC-42A3-9474-1A3956D46DE8}") = "prepare", "prepare", "{66D17708-3FA1-4115-8324-857A347F80A2}"
EndProject
Project("{9A19103F-16F7-4668-BE54-9A1E7A4F7556}") = "Learning02", "prepare\Learning02\Learning02.csproj", "{BA2C3254-3940-4ED4-AA89-C5E10ED5BD91}"
EndProject
Project("{9A19103F-16F7-4668-BE54-9A1E7A4F7556}") = "Learning05", "prepare\Learning05\Learning05.csproj", "{C4528F50-B1DD-4153-B281-CD90939D9641}"
EndProject
Project("{9A19103F-16F7-4668-BE54-9A1E7A4F7556}") = "Learning04", "prepare\Learning04\Learning04.csproj", "{36277AA8-F873-4A30-9157-683634211AF6}"
EndProject
Project("{9A19103F-16F7-4668-BE54-9A1E7A4F7556}") = "Learning03", "prepare\Learning03\Learning03.csproj", "{0683C681-2958-4EE7-B97F-DF0E93963DA3}"
EndProject
Project("{2150E333-8FDC-42A3-9474-1A3956D46DE8}") = "prove", "prove", "{46A98E8B-9762-40D7-BBAD-DF3CBB6BCF3D}"
EndProject
Project("{9A19103F-16F7-4668-BE54-9A1E7A4F7556}") = "Develop03", "prove\Develop03\Develop03.csproj", "{EC71DAE7-796C-4CBC-AA1C-2C9BE10D11A8}"
EndProject
Project("{9A19103F-16F7-4668-BE54-9A1E7A4F7556}") = "Develop04", "prove\Develop04\Develop04.csproj", "{3B76ED13-0CCE-4D4A-8653-B1CC371B2F92}"
EndProject
Project("{9A19103F-16F7-4668-BE54-9A1E7A4F7556}") = "Develop05", "prove\Develop05\Develop05.csproj", "{06E2C71F-94F5-42F8-AFCB-E75FBE57AB25}"
EndProject
Project("{9A19103F-16F7-4668-BE54-9A1E7A4F7556}") = "Develop02", "prove\Develop02\Develop02.csproj", "{ED22AB64-30B3-457D-BC87-0106B02925D1}"
EndProject
Project("{2150E333-8FDC-42A3-9474-1A3956D46DE8}") = "sandbox", "sandbox", "{9589D563-849E-4F06-AEFF-5382F7D462F0}"
EndProject
Project("{9A19103F-16F7-4668-BE54-9A1E7A4F7556}") = "Sandbox", "sandbox\Sandbox\Sandbox.csproj", "{5DE469F4-ED2F-49FB-8301-2C81E85DBF7E}"
EndProject
Project("{2150E333-8FDC-42A3-9474-1A3956D46DE8}") = "final", "final", "{DCAA57EE-23DC-464F-9889-2DB01A66FC17}"
EndProject
Project("{9A19103F-16F7-4668-BE54-9A1E7A4F7556}") = "FinalProject", "final\FinalProject\FinalProject.csproj", "{8D997E58-598D-4B12-8851-459EA54F2FF7}"
EndProject
Project("{9A19103F-16F7-4668-BE54-9A1E7A4F7556}") = "Foundation1", "final\Foundation1\Foundation1.csproj", "{258F0AF0-8D3C-4F0D-A2EC-C47C8B2A654B}"
EndProject
Project("{9A19103F-16F7-4668-BE54-9A1E7A4F7556}") = "Foundation4", "final\Foundation4\Foundation4.csproj", "{B98F1ACA-8FF5-4099-A4CA-0A8CEEEBDBFD}"
EndProject
Project("{9A19103F-16F7-4668-BE54-9A1E7A4F7556}") = "Foundation3", "final\Foundation3\Foundation3.csproj", "{37958286-467E-4C4C-88FA-A2D724E9D132}"
EndProject
Project("{9A19103F-16F7-4668-BE54-9A1E7A4F7556}") = "Foundation2", "final\Foundation2\Foundation2.csproj", "{B64F6ED3-0572-4C4D-B66B-C4DE571ED770}"
EndProject
Project("{2150E333-8FDC-42A3-9474-1A3956D46DE8}") = "csharp-prep", "csharp-prep", "{DFA154BF-E1AB-4778-8E5B-BE8C38592E02}"
EndProject
Project("{9A19103F-16F7-4668-BE54-9A1E7A4F7556}") = "Prep1", "csharp-prep\Prep1\Prep1.csproj", "{A302FF9C-2E70-4942-AAA8-71D333217B51}"
EndProject
Project("{9A19103F-16F7-4668-BE54-9A1E7A4F7556}") = "Prep5", "csharp-prep\Prep5\Prep5.csproj", "{2AB011C2-D94A-45D2-ABC9-8D28E458A9CD}"
EndProject
Project("{9A19103F-16F7-4668-BE54-9A1E7A4F7556}") = "Prep2", "csharp-prep\Prep2\Prep2.csproj", "{33217E77-F275-4A5D-8738-A0D2643A18F6}"
EndProject
Project("{9A19103F-16F7-4668-BE54-9A1E7A4F7556}") = "Prep3", "csharp-prep\Prep3\Prep3.csproj", "{3E893C41-A735-47B8-BCCD-201B0B71490D}"
EndProject
Project("{9A19103F-16F7-4668-BE54-9A1E7A4F7556}") = "Prep4", "csharp-prep\Prep4\Prep4.csproj", "{6FA8A385-84FE-40E1-B8C1-398628271018}"
EndProject
Global
	GlobalSection(SolutionConfigurationPlatforms) = preSolution
		Debug|Any CPU = Debug|Any CPU
		Release|Any CPU = Release|Any CPU
	EndGlobalSection
	GlobalSection(ProjectConfigurationPlatforms) = postSolution
		{BA2C3254-3940-4ED4-AA89-C5E10ED5BD91}.Debug|Any CPU.ActiveCfg = Debug|Any CPU
		{BA2C3254-3940-4ED4-AA89-C5E10ED5BD91}.Debug|Any CPU.Build.0 = Debug|Any CPU
		{BA2C3254-3940-4ED4-AA89-C5E10ED5BD91}.Release|Any CPU.ActiveCfg = Release|Any CPU
		{BA2C3254-3940-4ED4-AA89-C5E10ED5BD91}.Release|Any CPU.Build.0 = Release|Any CPU
		{C4528F50-B1DD-4153-B281-CD90939D9641}.Debug|Any CPU.ActiveCfg = Debug|Any CPU
		{C4528F50-B1DD-4153-B281-CD90939D9641}.Debug|Any CPU.Build.0 = Debug|Any CPU
		{C4528F50-B1DD-4153-B281-CD90939D9641}.Release|Any CPU.ActiveCfg = Release|Any CPU
		{C4528F50-B1DD-4153-B281-CD90939D9641}.Release|Any CPU.Build.0 = Release|Any CPU
		{36277AA8-F873-4A30-9157-683634211AF6}.Debug|Any CPU.ActiveCfg = Debug|Any CPU
		{36277AA8-F873-4A30-9157-683634211AF6}.Debug|Any CPU.Build.0 = Debug|Any CPU
		{36277AA8-F873-4A30-9157-683634211AF6}.Release|Any CPU.ActiveCfg = Release|Any CPU
		{36277AA8-F873-4A30-9157-683634211AF6}.Release|Any CPU.Build.0 = Release|Any CPU
		{0683C681-2958-4EE7-B97F-DF0E93963DA3}.Debug|Any CPU.ActiveCfg = Debug|Any CPU
		{0683C681-2958-4EE7-B97F-DF0E93963DA3}.Debug|Any CPU.Build.0 = Debug|Any CPU
		{0683C681-2958-4EE7-B97F-DF0E93963DA3}.Release|Any CPU.ActiveCfg = Release|Any CPU
		{0683C681-2958-4EE7-B97F-DF0E93963DA3}.Release|Any CPU.Build.0 = Release|Any CPU
		{EC71DAE7-796C-4CBC-AA1C-2C9BE10D11A8}.Debug|Any CPU.ActiveCfg = Debug|Any CPU
		{EC71DAE7-796C-4CBC-AA1C-2C9BE10D11A8}.Debug|Any CPU.Build.0 = Debug|Any CPU
		{EC71DAE7-796C-4CBC-AA1C-2C9BE10D11A8}.Release|Any CPU.ActiveCfg = Release|Any CPU
		{EC71DAE7-796C-4CBC-AA1C-2C9BE10D11A8}.Release|Any CPU.Build.0 = Release|Any CPU
		{3B76ED13-0CCE-4D4A-8653-B1CC371B2F92}.Debug|Any CPU.ActiveCfg = Debug|Any CPU
		{3B76ED13-0CCE-4D4A-8653-B1CC371B2F92}.Debug|Any CPU.Build.0 = Debug|Any CPU
		{3B76ED13-0CCE-4D4A-8653-B1CC371B2F92}.Release|Any CPU.ActiveCfg = Release|Any CPU
		{3B76ED13-0CCE-4D4A-8653-B1CC371B2F92}.Release|Any CPU.Build.0 = Release|Any CPU
		{06E2C71F-94F5-42F8-AFCB-E75FBE57AB25}.Debug|Any CPU.ActiveCfg = Debug|Any CPU
		{06E2C71F-94F5-42F8-AFCB-E75FBE57AB25}.Debug|Any CPU.Build.0 = Debug|Any CPU
		{06E2C71F-94F5-42F8-AFCB-E75FBE57AB25}.Release|Any CPU.ActiveCfg = Release|Any CPU
		{06E2C71F-94F5-42F8-AFCB-E75FBE57AB25}.Release|Any CPU.Build.0 = Release|Any CPU
		{ED22AB64-30B3-457D-BC87-0106B02925D1}.Debug|Any CPU.ActiveCfg = Debug|Any CPU
		{ED22AB64-30B3-457D-BC87-0106B02925D1}.Debug|Any CPU.Build.0 = Debug|Any CPU
		{ED22AB64-30B3-457D-BC87-0106B02925D1}.Release|Any CPU.ActiveCfg = Release|Any CPU
		{ED22AB64-30B3-457D-BC87-0106B02925D1}.Release|Any CPU.Build.0 = Release|Any CPU
		{5DE469F4-ED2F-49FB-8301-2C81E85DBF7E}.Debug|Any CPU.ActiveCfg = Debug|Any CPU
		{5DE469F4-ED2F-49FB-8301-2C81E85DBF7E}.Debug|Any CPU.Build.0 = Debug|Any CPU
		{5DE469F4-ED2F-49FB-8301-2C81E85DBF7E}.Release|Any CPU.ActiveCfg = Release|Any CPU
		{5DE469F4-ED2F-49FB-8301-2C81E85DBF7E}.Release|Any CPU.Build.0 = Release|Any CPU
		{8D997E58-598D-4B12-8851-459EA54F2FF7}.Debug|Any CPU.ActiveCfg = Debug|Any CPU
		{8D997E58-598D-4B12-8851-459EA54F2FF7}.Debug|Any CPU.Build.0 = Debug|Any CPU
		{8D997E58-598D-4B12-8851-459EA54F2FF7}.Release|Any CPU.ActiveCfg = Release|Any CPU
		{8D997E58-598D-4B12-8851-459EA54F2FF7}.Release|Any CPU.Build.0 = Release|Any CPU
		{258F0AF0-8D3C-4F0D-A2EC-C47C8B2A654B}.Debug|Any CPU.ActiveCfg = Debug|Any CPU
		{258F0AF0-8D3C-4F0D-A2EC-C47C8B2A654B}.Debug|Any CPU.Build.0 = Debug|Any CPU
		{258F0AF0-8D3C-4F0D-A2EC-C47C8B2A654B}.Release|Any CPU.ActiveCfg = Release|Any CPU
		{258F0AF0-8D3C-4F0D-A2EC-C47C8B2A654B}.Release|Any CPU.Build.0 = Release|Any CPU
		{B98F1ACA-8FF5-4099-A4CA-0A8CEEEBDBFD}.Debug|Any CPU.ActiveCfg = Debug|Any CPU
		{B98F1ACA-8FF5-4099-A4CA-0A8CEEEBDBFD}.Debug|Any CPU.Build.0 = Debug|Any CPU
		{B98F1ACA-8FF5-4099-A4CA-0A8CEEEBDBFD}.Release|Any CPU.ActiveCfg = Release|Any CPU
		{B98F1ACA-8FF5-4099-A4CA-0A8CEEEBDBFD}.Release|Any CPU.Build.0 = Release|Any CPU
		{37958286-467E-4C4C-88FA-A2D724E9D132}.Debug|Any CPU.ActiveCfg = Debug|Any CPU
		{37958286-467E-4C4C-88FA-A2D724E9D132}.Debug|Any CPU.Build.0 = Debug|Any CPU
		{37958286-467E-4C4C-88FA-A2D724E9D132}.Release|Any CPU.ActiveCfg = Release|Any CPU
		{37958286-467E-4C4C-88FA-A2D724E9D132}.Release|Any CPU.Build.0 = Release|Any CPU
		{B64F6ED3-0572-4C4D-B66B-C4DE571ED770}.Debug|Any CPU.ActiveCfg = Debug|Any CPU
		{B64F6ED3-0572-4C4D-B66B-C4DE571ED770}.Debug|Any CPU.Build.0 = Debug|Any CPU
		{B64F6ED3-0572-4C4D-B66B-C4DE571ED770}.Release|Any CPU.ActiveCfg = Release|Any CPU
		{B64F6ED3-0572-4C4D-B66B-C4DE571ED770}.Release|Any CPU.Build.0 = Release|Any CPU
		{A302FF9C-2E70-4942-AAA8-71D333217B51}.Debug|Any CPU.ActiveCfg = Debug|Any CPU
		{A302FF9C-2E70-4942-AAA8-71D333217B51}.Debug|Any CPU.Build.0 = Debug|Any CPU
		{A302FF9C-2E70-4942-AAA8-71D333217B51}.Release|Any CPU.ActiveCfg = Release|Any CPU
		{A302FF9C-2E70-4942-AAA8-71D333217B51}.Release|Any CPU.Build.0 = Release|Any CPU
		{2AB011C2-D94A-45D2-ABC9-8D28E458A9CD}.Debug|Any CPU.ActiveCfg = Debug|Any CPU
		{2AB011C2-D94A-45D2-ABC9-8D28E458A9CD}.Debug|Any CPU.Build.0 = Debug|Any CPU
		{2AB011C2-D94A-45D2-ABC9-8D28E458A9CD}.Release|Any CPU.ActiveCfg = Release|Any CPU
		{2AB011C2-D94A-45D2-ABC9-8D28E458A9CD}.Release|Any CPU.Build.0 = Release|Any CPU
		{33217E77-F275-4A5D-8738-A0D2643A18F6}.Debug|Any CPU.ActiveCfg = Debug|Any CPU
		{33217E77-F275-4A5D-8738-A0D2643A18F6}.Debug|Any CPU.Build.0 = Debug|Any CPU
		{33217E77-F275-4A5D-8738-A0D2643A18F6}.Release|Any CPU.ActiveCfg = Release|Any CPU
		{33217E77-F275-4A5D-8738-A0D2643A18F6}.Release|Any CPU.Build.0 = Release|Any CPU
		{3E893C41-A735-47B8-BCCD-201B0B71490D}.Debug|Any CPU.ActiveCfg = Debug|Any CPU
		{3E893C41-A735-47B8-BCCD-201B0B71490D}.Debug|Any CPU.Build.0 = Debug|Any CPU
		{3E893C41-A735-47B8-BCCD-201B0B71490D}.Release|Any CPU.ActiveCfg = Release|Any CPU
		{3E893C41-A735-47B8-BCCD-201B0B71490D}.Release|Any CPU.Build.0 = Release|Any CPU
		{6FA8A385-84FE-40E1-B8C1-398628271018}.Debug|Any CPU.ActiveCfg = Debug|Any CPU
		{6FA8A385-84FE-40E1-B8C1-398628271018}.Debug|Any CPU.Build.0 = Debug|Any CPU
		{6FA8A385-84FE-40E1-B8C1-398628271018}.Release|Any CPU.ActiveCfg = Release|Any CPU
		{6FA8A385-84FE-40E1-B8C1-398628271018}.Release|Any CPU.Build.0 = Release|Any CPU
	EndGlobalSection
	GlobalSection(SolutionProperties) = preSolution
		HideSolutionNode = FALSE
	EndGlobalSection
	GlobalSection(NestedProjects) = preSolution
		{BA2C3254-3940-4ED4-AA89-C5E10ED5BD91} = {66D17708-3FA1-4115-8324-857A347F80A2}
		{C4528F50-B1DD-4153-B281-CD90939D9641} = {66D17708-3FA1-4115-8324-857A347F80A2}
		{36277AA8-F873-4A30-9157-683634211AF6} = {66D17708-3FA1-4115-8324-857A347F80A2}
		{0683C681-2958-4EE7-B97F-DF0E93963DA3} = {66D17708-3FA1-4115-8324-857A347F80A2}
		{EC71DAE7-796C-4CBC-AA1C-2C9BE10D11A8} = {46A98E8B-9762-40D7-BBAD-DF3CBB6BCF3D}
		{3B76ED13-0CCE-4D4A-8653-B1CC371B2F92} = {46A98E8B-9762-40D7-BBAD-DF3CBB6BCF3D}
		{06E2C71F-94F5-42F8-AFCB-E75FBE57AB25} = {46A98E8B-9762-40D7-BBAD-DF3CBB6BCF3D}
		{ED22AB64-30B3-457D-BC87-0106B02925D1} = {46A98E8B-9762-40D7-BBAD-DF3CBB6BCF3D}
		{5DE469F4-ED2F-49FB-8301-2C81E85DBF7E} = {9589D563-849E-4F06-AEFF-5382F7D462F0}
		{8D997E58-598D-4B12-8851-459EA54F2FF7} = {DCAA57EE-23DC-464F-9889-2DB01A66FC17}
		{258F0AF0-8D3C-4F0D-A2EC-C47C8B2A654B} = {DCAA57EE-23DC-464F-9889-2DB01A66FC17}
		{B98F1ACA-8FF5-4099-A4CA-0A8CEEEBDBFD} = {DCAA57EE-23DC-464F-9889-2DB01A66FC17}
		{37958286-467E-4C4C-88FA-A2D724E9D132} = {DCAA57EE-23DC-464F-9889-2DB01A66FC17}
		{B64F6ED3-0572-4C4D-B66B-C4DE571ED770} = {DCAA57EE-23DC-464F-9889-2DB01A66FC17}
		{A302FF9C-2E70-4942-AAA8-71D333217B51} = {DFA154BF-E1AB-4778-8E5B-BE8C38592E02}
		{2AB011C2-D94A-45D2-ABC9-8D28E458A9CD} = {DFA154BF-E1AB-4778-8E5B-BE8C38592E02}
		{33217E77-F275-4A5D-8738-A0D2643A18F6} = {DFA154BF-E1AB-4778-8E5B-BE8C38592E02}
		{3E893C41-A735-47B8-BCCD-201B0B71490D} = {DFA154BF-E1AB-4778-8E5B-BE8C38592E02}
		{6FA8A385-84FE-40E1-B8C1-398628271018} = {DFA154BF-E1AB-4778-8E5B-BE8C38592E02}
	EndGlobalSection
	GlobalSection(ExtensibilityGlobals) = postSolution
		SolutionGuid = {038AB043-250B-4E5C-9410-A023A2365BE5}
	EndGlobalSection
EndGlobal
